
Microsoft Visual Studio Solution File, Format Version 12.00
# Visual Studio Version 17
VisualStudioVersion = 17.11.35327.3
MinimumVisualStudioVersion = 10.0.40219.1
Project("{FAE04EC0-301F-11D3-BF4B-00C04F79EFBC}") = "ToDoWEB", "ToDoWEB\ToDoWEB.csproj", "{05791753-05F2-4C3F-AD3C-83574B8490F8}"
EndProject
Global
	GlobalSection(SolutionConfigurationPlatforms) = preSolution
		Debug|Any CPU = Debug|Any CPU
		Release|Any CPU = Release|Any CPU
	EndGlobalSection
	GlobalSection(ProjectConfigurationPlatforms) = postSolution
		{05791753-05F2-4C3F-AD3C-83574B8490F8}.Debug|Any CPU.ActiveCfg = Debug|Any CPU
		{05791753-05F2-4C3F-AD3C-83574B8490F8}.Debug|Any CPU.Build.0 = Debug|Any CPU
		{05791753-05F2-4C3F-AD3C-83574B8490F8}.Release|Any CPU.ActiveCfg = Release|Any CPU
		{05791753-05F2-4C3F-AD3C-83574B8490F8}.Release|Any CPU.Build.0 = Release|Any CPU
	EndGlobalSection
	GlobalSection(SolutionProperties) = preSolution
		HideSolutionNode = FALSE
	EndGlobalSection
	GlobalSection(ExtensibilityGlobals) = postSolution
		SolutionGuid = {5D9594D4-9494-4AFD-A9F3-168007C3C61B}
	EndGlobalSection
EndGlobal
